
Microsoft Visual Studio Solution File, Format Version 12.00
# Visual Studio Version 17
VisualStudioVersion = 17.0.31912.275
MinimumVisualStudioVersion = 10.0.40219.1
Project("{FAE04EC0-301F-11D3-BF4B-00C04F79EFBC}") = "InterpretadorDeNumeros.ConsoleAPP", "InterpretadorDeNumeros.ConsoleAPP\InterpretadorDeNumeros.ConsoleAPP.csproj", "{EBF5AA34-9E42-4F84-9579-F68D52C50460}"
EndProject
Global
	GlobalSection(SolutionConfigurationPlatforms) = preSolution
		Debug|Any CPU = Debug|Any CPU
		Release|Any CPU = Release|Any CPU
	EndGlobalSection
	GlobalSection(ProjectConfigurationPlatforms) = postSolution
		{EBF5AA34-9E42-4F84-9579-F68D52C50460}.Debug|Any CPU.ActiveCfg = Debug|Any CPU
		{EBF5AA34-9E42-4F84-9579-F68D52C50460}.Debug|Any CPU.Build.0 = Debug|Any CPU
		{EBF5AA34-9E42-4F84-9579-F68D52C50460}.Release|Any CPU.ActiveCfg = Release|Any CPU
		{EBF5AA34-9E42-4F84-9579-F68D52C50460}.Release|Any CPU.Build.0 = Release|Any CPU
	EndGlobalSection
	GlobalSection(SolutionProperties) = preSolution
		HideSolutionNode = FALSE
	EndGlobalSection
	GlobalSection(ExtensibilityGlobals) = postSolution
		SolutionGuid = {FF68E240-9042-4EF7-9CA5-F3BA943F2734}
	EndGlobalSection
EndGlobal
